{
  "name": "four-meme-test",
  "lockfileVersion": 3,
  "requires": true,
  "packages": {
    "": {
      "dependencies": {
        "@four-meme/four-meme-ai": "^1.0.4"
      }
    },
    "node_modules/@four-meme/four-meme-ai": {
      "version": "1.0.4",
      "resolved": "https://registry.npmjs.org/@four-meme/four-meme-ai/-/four-meme-ai-1.0.4.tgz",
      "integrity": "sha512-DTAXzJhkPDEB4u14oWgQiKDJyjiU2dMTUWsPdToGMBNLeUPALD7v2Ile79s6dpMh6rdOaJe8zLOeCfZFBOGouA==",
      "license": "MIT",
      "dependencies": {
        "dotenv": "^16.0.0"
      },
      "bin": {
        "fourmeme": "bin/fourmeme.cjs"
      }
    },
    "node_modules/dotenv": {
      "version": "16.6.1",
      "resolved": "https://registry.npmjs.org/dotenv/-/dotenv-16.6.1.tgz",
      "integrity": "sha512-uBq4egWHTcTt33a72vpSG0z3HnPuIl6NqYcTrKEg2azoEyl2hpW0zqlxysq2pK9HlDIHyHyakeYaYnSAwd8bow==",
      "license": "BSD-2-Clause",
      "engines": {
        "node": ">=12"
      },
      "funding": {
        "url": "https://dotenvx.com"
      }
    }
  }
}
